# This file is automatically @generated by Cargo.
# It is not intended for manual editing.
version = 4

[[package]]
name = "wohl-air"
version = "0.1.0"

[[package]]
name = "wohl-door"
version = "0.1.0"

[[package]]
name = "wohl-leak"
version = "0.1.0"

[[package]]
name = "wohl-temp"
version = "0.1.0"
