# This file is automatically @generated by Cargo.
# It is not intended for manual editing.
version = 4

[[package]]
name = "bitflags"
version = "2.11.0"
source = "registry+https://github.com/rust-lang/crates.io-index"
checksum = "843867be96c8daad0d758b57df9392b6d8d271134fce549de6ce169ff98a92af"

[[package]]
name = "relay-lc"
version = "0.1.0"
dependencies = [
 "wit-bindgen",
]

[[package]]
name = "wit-bindgen"
version = "0.41.0"
source = "registry+https://github.com/rust-lang/crates.io-index"
checksum = "10fb6648689b3929d56bbc7eb1acf70c9a42a29eb5358c67c10f54dbd5d695de"
dependencies = [
 "wit-bindgen-rt",
]

[[package]]
name = "wit-bindgen-rt"
version = "0.41.0"
source = "registry+https://github.com/rust-lang/crates.io-index"
checksum = "c4db52a11d4dfb0a59f194c064055794ee6564eb1ced88c25da2cf76e50c5621"
dependencies = [
 "bitflags",
]

[[package]]
name = "wohl-air"
version = "0.1.0"
dependencies = [
 "relay-lc",
]

[[package]]
name = "wohl-alert"
version = "0.1.0"

[[package]]
name = "wohl-door"
version = "0.1.0"

[[package]]
name = "wohl-leak"
version = "0.1.0"

[[package]]
name = "wohl-power"
version = "0.1.0"
dependencies = [
 "relay-lc",
]

[[package]]
name = "wohl-temp"
version = "0.1.0"
dependencies = [
 "relay-lc",
]
